
Microsoft Visual Studio Solution File, Format Version 12.00
# Visual Studio Version 16
VisualStudioVersion = 16.0.30717.126
MinimumVisualStudioVersion = 10.0.40219.1
Project("{9A19103F-16F7-4668-BE54-9A1E7A4F7556}") = "TwitchEShop", "TwitchEShop\TwitchEShop.csproj", "{63871AE3-3C98-4CF0-BEE3-31CB92575526}"
EndProject
Project("{9A19103F-16F7-4668-BE54-9A1E7A4F7556}") = "TwitchEShop.Domain", "TwitchEShop.Domain\TwitchEShop.Domain.csproj", "{3F417D55-457D-4840-BD10-5C538D4F699E}"
EndProject
Project("{9A19103F-16F7-4668-BE54-9A1E7A4F7556}") = "TwitchEShop.Dal", "TwitchEShop.Dtl\TwitchEShop.Dal.csproj", "{56FFD7FA-938A-492B-A59B-61CF0DFD4A5E}"
EndProject
Global
	GlobalSection(SolutionConfigurationPlatforms) = preSolution
		Debug|Any CPU = Debug|Any CPU
		Release|Any CPU = Release|Any CPU
	EndGlobalSection
	GlobalSection(ProjectConfigurationPlatforms) = postSolution
		{63871AE3-3C98-4CF0-BEE3-31CB92575526}.Debug|Any CPU.ActiveCfg = Debug|Any CPU
		{63871AE3-3C98-4CF0-BEE3-31CB92575526}.Debug|Any CPU.Build.0 = Debug|Any CPU
		{63871AE3-3C98-4CF0-BEE3-31CB92575526}.Release|Any CPU.ActiveCfg = Release|Any CPU
		{63871AE3-3C98-4CF0-BEE3-31CB92575526}.Release|Any CPU.Build.0 = Release|Any CPU
		{3F417D55-457D-4840-BD10-5C538D4F699E}.Debug|Any CPU.ActiveCfg = Debug|Any CPU
		{3F417D55-457D-4840-BD10-5C538D4F699E}.Debug|Any CPU.Build.0 = Debug|Any CPU
		{3F417D55-457D-4840-BD10-5C538D4F699E}.Release|Any CPU.ActiveCfg = Release|Any CPU
		{3F417D55-457D-4840-BD10-5C538D4F699E}.Release|Any CPU.Build.0 = Release|Any CPU
		{56FFD7FA-938A-492B-A59B-61CF0DFD4A5E}.Debug|Any CPU.ActiveCfg = Debug|Any CPU
		{56FFD7FA-938A-492B-A59B-61CF0DFD4A5E}.Debug|Any CPU.Build.0 = Debug|Any CPU
		{56FFD7FA-938A-492B-A59B-61CF0DFD4A5E}.Release|Any CPU.ActiveCfg = Release|Any CPU
		{56FFD7FA-938A-492B-A59B-61CF0DFD4A5E}.Release|Any CPU.Build.0 = Release|Any CPU
	EndGlobalSection
	GlobalSection(SolutionProperties) = preSolution
		HideSolutionNode = FALSE
	EndGlobalSection
	GlobalSection(ExtensibilityGlobals) = postSolution
		SolutionGuid = {EDACC9FE-0216-49B4-BB22-8CE6CDB33957}
	EndGlobalSection
EndGlobal
